{
  "nodes": {
    "disko": {
      "inputs": {
        "nixpkgs": [
          "nixpkgs"
        ]
      },
      "locked": {
        "lastModified": 1710332572,
        "narHash": "sha256-7JYT5Qya6QuM2szCrdVcNghoz7ar+ClzaqKJ4cfJaKQ=",
        "owner": "nix-community",
        "repo": "disko",
        "rev": "59e50d4ecbac78701c2f9950ff2b886ac66741ce",
        "type": "github"
      },
      "original": {
        "owner": "nix-community",
        "repo": "disko",
        "type": "github"
      }
    },
    "nixpkgs": {
      "locked": {
        "lastModified": 1710272261,
        "narHash": "sha256-g0bDwXFmTE7uGDOs9HcJsfLFhH7fOsASbAuOzDC+fhQ=",
        "owner": "nixos",
        "repo": "nixpkgs",
        "rev": "0ad13a6833440b8e238947e47bea7f11071dc2b2",
        "type": "github"
      },
      "original": {
        "owner": "nixos",
        "ref": "nixos-unstable",
        "repo": "nixpkgs",
        "type": "github"
      }
    },
    "nixpkgs-stable": {
      "locked": {
        "lastModified": 1710033658,
        "narHash": "sha256-yiZiVKP5Ya813iYLho2+CcFuuHpaqKc/CoxOlANKcqM=",
        "owner": "NixOS",
        "repo": "nixpkgs",
        "rev": "b17375d3bb7c79ffc52f3538028b2ec06eb79ef8",
        "type": "github"
      },
      "original": {
        "owner": "NixOS",
        "ref": "release-23.11",
        "repo": "nixpkgs",
        "type": "github"
      }
    },
    "nixpkgs_2": {
      "locked": {
        "lastModified": 1709968316,
        "narHash": "sha256-4rZEtEDT6jcgRaqxsatBeds7x1PoEiEjb6QNGb4mNrk=",
        "owner": "NixOS",
        "repo": "nixpkgs",
        "rev": "0e7f98a5f30166cbed344569426850b21e4091d4",
        "type": "github"
      },
      "original": {
        "owner": "NixOS",
        "ref": "nixpkgs-unstable",
        "repo": "nixpkgs",
        "type": "github"
      }
    },
    "root": {
      "inputs": {
        "disko": "disko",
        "nixpkgs": "nixpkgs",
        "sops-nix": "sops-nix"
      }
    },
    "sops-nix": {
      "inputs": {
        "nixpkgs": "nixpkgs_2",
        "nixpkgs-stable": "nixpkgs-stable"
      },
      "locked": {
        "lastModified": 1710195194,
        "narHash": "sha256-KFxCJp0T6TJOz1IOKlpRdpsCr9xsvlVuWY/VCiAFnTE=",
        "owner": "Mic92",
        "repo": "sops-nix",
        "rev": "e52d8117b330f690382f1d16d81ae43daeb4b880",
        "type": "github"
      },
      "original": {
        "owner": "Mic92",
        "repo": "sops-nix",
        "type": "github"
      }
    }
  },
  "root": "root",
  "version": 7
}
